
Microsoft Visual Studio Solution File, Format Version 12.00
Project("{FAE04EC0-301F-11D3-BF4B-00C04F79EFBC}") = "parkinglot", "parkinglot.csproj", "{F19F70F8-7A68-4B58-A461-B74F21EAB917}"
EndProject
Global
	GlobalSection(SolutionConfigurationPlatforms) = preSolution
		Debug|Any CPU = Debug|Any CPU
		Release|Any CPU = Release|Any CPU
	EndGlobalSection
	GlobalSection(ProjectConfigurationPlatforms) = postSolution
		{F19F70F8-7A68-4B58-A461-B74F21EAB917}.Debug|Any CPU.ActiveCfg = Debug|Any CPU
		{F19F70F8-7A68-4B58-A461-B74F21EAB917}.Debug|Any CPU.Build.0 = Debug|Any CPU
		{F19F70F8-7A68-4B58-A461-B74F21EAB917}.Release|Any CPU.ActiveCfg = Release|Any CPU
		{F19F70F8-7A68-4B58-A461-B74F21EAB917}.Release|Any CPU.Build.0 = Release|Any CPU
	EndGlobalSection
EndGlobal
